version = 1
revision = 3
requires-python = ">=3.13"

[[package]]
name = "balloon-control"
version = "0.1.0"
source = { editable = "." }
dependencies = [
    { name = "libpcap" },
    { name = "pyside6" },
]

[package.metadata]
requires-dist = [
    { name = "libpcap", specifier = ">=1.11.0b29" },
    { name = "pyside6", specifier = ">=6.12.0" },
]

[[package]]
name = "build"
version = "1.6.1"
source = { registry = "https://pypi.org/simple" }
dependencies = [
    { name = "colorama", marker = "os_name == 'nt'" },
    { name = "packaging" },
    { name = "pyproject-hooks" },
]
sdist = { url = "https://files.pythonhosted.org/packages/bd/67/4898a44ea4f3f8e213b0954ec0aa0a16971d62a6212d6ea3931e97115b99/build-1.6.1.tar.gz", hash = "sha256:51cc11666391ab6f092070437ac747002ff46f3e4113a3622177ee6b488bfc53", size = 113427, upload-time = "2026-09-10T07:56:00.417Z" }
wheels = [
    { url = "https://files.pythonhosted.org/packages/ad/9b/9fb3585dabcd73a1b2a6267f63f62649347c9e6d072c9fde365b105abb2c/build-1.6.1-py3-none-any.whl", hash = "sha256:ecd351a4be9d35a9eaaba244a7687143c9c7d4aea6ac964e7e7ddab20cbcf4e7", size = 31179, upload-time = "2026-09-10T07:55:59.148Z" },
]

[[package]]
name = "chardet"
version = "7.6.0"
source = { registry = "https://pypi.org/simple" }
sdist = { url = "https://files.pythonhosted.org/packages/b1/51/cd61c567092a6cec796144510a68aff158ebfc1df82950a45bae65f28413/chardet-7.6.0.tar.gz", hash = "sha256:93d9df6089ded42ed1fe9f57e272c0b74bd0464d45c0c7d50f09f26f31105c3c", size = 914462, upload-time = "2026-08-14T20:36:59.305Z" }
wheels = [
    { url = "https://files.pythonhosted.org/packages/a3/29/16a7419edfbd60e901e6a797cbc3e038cb2a81903bc16c029db755f0156f/chardet-7.6.0-cp313-cp313-macosx_10_13_x86_64.whl", hash = "sha256:57e6846cc13ce1ff59979f4ec9da770c57e12aa99046073f632de5a51d9a6f20", size = 1088449, upload-time = "2026-08-14T20:36:34.723Z" },
    { url = "https://files.pythonhosted.org/packages/1d/36/3a14b0f8ddeb302f157281ca656a3ce6874b78e2d6af03682f520b487245/chardet-7.6.0-cp313-cp313-macosx_11_0_arm64.whl", hash = "sha256:089e3bb81a0a07e94f15461ded9f9ee66d349615b1a9fd557d4de1003e2fc12e", size = 1065126, upload-time = "2026-08-14T20:36:36.21Z" },
    { url = "https://files.pythonhosted.org/packages/d2/4c/f59a39c2bfe4ac99baba8da842e8d2ea0b84dff7ba53a96e7ad8c71602d7/chardet-7.6.0-cp313-cp313-manylinux2014_aarch64.manylinux_2_17_aarch64.manylinux_2_28_aarch64.whl", hash = "sha256:43ea433e43a23c55e8e17f3fad1e07f5cfe5450c73124b95b0d849c21ad379ee", size = 1482492, upload-time = "2026-08-14T20:36:37.649Z" },
    { url = "https://files.pythonhosted.org/packages/bd/eb/93e8036681157f2217a18769927a035984526e6dbd5e91f28a375ca41c14/chardet-7.6.0-cp313-cp313-manylinux2014_x86_64.manylinux_2_17_x86_64.manylinux_2_28_x86_64.whl", hash = "sha256:2b5d31f9b7f793e15e81cca877e7ccd72bffffa2a3443a9d47be9dfee84fad69", size = 1514185, upload-time = "2026-08-14T20:36:39.119Z" },
    { url = "https://files.pythonhosted.org/packages/10/04/0066d7ab2c135e404a6fa166bb7fa49d1c7bf7af07b86ed95b1c48a348c7/chardet-7.6.0-cp313-cp313-manylinux_2_31_riscv64.manylinux_2_39_riscv64.whl", hash = "sha256:c54b6a8d3b219560fa5cf4c28df932c37471afe047afdc152067104e741f38c1", size = 1454420, upload-time = "2026-08-14T20:36:40.549Z" },
    { url = "https://files.pythonhosted.org/packages/6c/9f/e965f1d9eddfb86cf118f980d329cbee43c4ac4b562448b369a6b6ef36af/chardet-7.6.0-cp313-cp313-win_amd64.whl", hash = "sha256:b3b4c96c4df93899b3c8b9e8159e06b1f55c66d7ca384d91481108e251a06eb0", size = 1159067, upload-time = "2026-08-14T20:36:41.816Z" },
    { url = "https://files.pythonhosted.org/packages/cf/78/e14991c9487277ed7d006fff58f3084ac792ed94cced081788abb95df70c/chardet-7.6.0-cp314-cp314-macosx_10_15_x86_64.whl", hash = "sha256:c6061adf247ab5dda173b67010e13904c6071717660c7c8077fb50aca362b264", size = 1087678, upload-time = "2026-08-14T20:36:43.2Z" },
    { url = "https://files.pythonhosted.org/packages/7a/40/0f95e04cb1820e0a582cd6d86bbf26be8302a94ccf330f8ba5f69735389d/chardet-7.6.0-cp314-cp314-macosx_11_0_arm64.whl", hash = "sha256:fc1e1571321baf8927582fe34363ad7f02279f11c8c2839c14b4c76894148db6", size = 1065310, upload-time = "2026-08-14T20:36:44.489Z" },
    { url = "https://files.pythonhosted.org/packages/3b/a1/04404dcc9d6e1253b02583e562d2c7ddca50a7e91f460d62eff7e1d07c92/chardet-7.6.0-cp314-cp314-manylinux2014_aarch64.manylinux_2_17_aarch64.manylinux_2_28_aarch64.whl", hash = "sha256:8900f6c7cf6b015b17a51767cc6144689059ba1cdceaa383d29eb037ac28579e", size = 1485028, upload-time = "2026-08-14T20:36:45.797Z" },
    { url = "https://files.pythonhosted.org/packages/f4/88/360064c4c7d9d0664561dae03b74c871d2f5332b329f5c99f1c997fb869a/chardet-7.6.0-cp314-cp314-manylinux2014_x86_64.manylinux_2_17_x86_64.manylinux_2_28_x86_64.whl", hash = "sha256:cedbc584789eb2edfde20fd03669972a833ce6019e60014ae613f9bfc440e8e3", size = 1510242, upload-time = "2026-08-14T20:36:47.206Z" },
    { url = "https://files.pythonhosted.org/packages/43/4c/302869fa1c69a5a41e4e78782680b12552ffd4286c3ae3c839b7b8df53d4/chardet-7.6.0-cp314-cp314-manylinux_2_31_riscv64.manylinux_2_39_riscv64.whl", hash = "sha256:d5dc835e40e0e09c2c3eab43731a8b5127834f42786dda09ba2f4b699ccd527a", size = 1456456, upload-time = "2026-08-14T20:36:48.668Z" },
    { url = "https://files.pythonhosted.org/packages/7c/a9/ff4fef15ed25fc3f945a3b981ae0f43c8559b3fbedb40267e59e583d105b/chardet-7.6.0-cp314-cp314-win_amd64.whl", hash = "sha256:0f304de7041afaec0195ad6464937cd112392002e9d72ed15d55f20a9abd3a13", size = 1159103, upload-time = "2026-08-14T20:36:50.107Z" },
    { url = "https://files.pythonhosted.org/packages/31/44/94e6f89485ce6c630e8fec6d388e3fa747e58b7246b0cc8c5c532ba98650/chardet-7.6.0-cp314-cp314t-macosx_10_15_x86_64.whl", hash = "sha256:a4f0a368ad04d5def08bdfaa17c7e15e71552f93923dc2aa9b2f7d9dee02fbb6", size = 1120302, upload-time = "2026-08-14T20:36:51.484Z" },
    { url = "https://files.pythonhosted.org/packages/e0/cd/8e68ba12f13aaf4ee82d54ef8a1f83d62942e7a6bc1e579dd2d530a3e26e/chardet-7.6.0-cp314-cp314t-macosx_11_0_arm64.whl", hash = "sha256:75d6c3a4d2046d49e83d2d2206eb073a1f390743e856d90c1bbc19949b26acf4", size = 1093157, upload-time = "2026-08-14T20:36:52.987Z" },
    { url = "https://files.pythonhosted.org/packages/f3/f6/6a35342b9efa69dcceab0ea8966571c6442a59c336bf460f0a2af95ed234/chardet-7.6.0-cp314-cp314t-manylinux2014_aarch64.manylinux_2_17_aarch64.manylinux_2_28_aarch64.whl", hash = "sha256:459e2b1c98f9a86a4698112aa42dffa802bbbff883c1ff144071f87224125862", size = 1521213, upload-time = "2026-08-14T20:36:54.812Z" },
    { url = "https://files.pythonhosted.org/packages/df/8c/8f09bfabbaedae45caa72b996e96d5e3f6436dfddc55c1311ffa2f6bd7d2/chardet-7.6.0-cp314-cp314t-manylinux2014_x86_64.manylinux_2_17_x86_64.manylinux_2_28_x86_64.whl", hash = "sha256:0bdb6f03107b7ace3f44e0edd91aa24456ee558787df265cc19daf45785b31c7", size = 1528427, upload-time = "2026-08-14T20:36:56.224Z" },
    { url = "https://files.pythonhosted.org/packages/0c/3d/2540627b193112e08b8045f3cad9295570866208555aa6625b63cc69c6cd/chardet-7.6.0-cp315-cp315-macosx_10_15_x86_64.whl", hash = "sha256:0c44a32da32cc8b23d6b20d98ace15ec7600950e4955d1bf5ab1f849b0187fdb", size = 1087374, upload-time = "2026-08-14T21:04:14.994Z" },
    { url = "https://files.pythonhosted.org/packages/fe/de/dac4f550cde73c4732b4916e72ec489ae36933fbbd1697e4122d3ae2e9dd/chardet-7.6.0-cp315-cp315-macosx_11_0_arm64.whl", hash = "sha256:7bbc8a9652c7f859c593847f220c1d264f25749369abb1a267b404ee8cceb209", size = 1064688, upload-time = "2026-08-14T21:04:16.806Z" },
    { url = "https://files.pythonhosted.org/packages/06/45/f4f3f288496797d2cf1d1e9036f920ed2b4c79787b21c42a3314f4a6d532/chardet-7.6.0-cp315-cp315-manylinux2014_aarch64.manylinux_2_17_aarch64.manylinux_2_28_aarch64.whl", hash = "sha256:83512a475a2f3886166aa0bca1bbb39343a4eb3186dd5532127d6f2591d09118", size = 1486320, upload-time = "2026-08-14T21:04:18.535Z" },
    { url = "https://files.pythonhosted.org/packages/c0/81/3ca30c16e6c6015b737fca22d9342957cc617d8a65329d3e963ad754a31b/chardet-7.6.0-cp315-cp315-manylinux2014_x86_64.manylinux_2_17_x86_64.manylinux_2_28_x86_64.whl", hash = "sha256:271ab71ec1be61dbbce0436de0848895c03eae051c379e937a39573d9ce403d9", size = 1515374, upload-time = "2026-08-14T21:04:20.724Z" },
    { url = "https://files.pythonhosted.org/packages/6e/98/163a75b8b3372a6b6503f5f5a4154a222ac135c7a706b5d176f8e4b237a2/chardet-7.6.0-cp315-cp315-manylinux_2_31_riscv64.manylinux_2_39_riscv64.whl", hash = "sha256:da86fc1b40ff5996fbb5e4c2d2dca770eac2c893cef157dacc050b8b4d929846", size = 1469504, upload-time = "2026-08-14T21:04:22.352Z" },
    { url = "https://files.pythonhosted.org/packages/d7/4f/3ad1b1bd27ae7f0d3d13cf711366525cd781a9e067950d8a09aa280916cb/chardet-7.6.0-cp315-cp315-win_amd64.whl", hash = "sha256:b73f277c1ac09c4f8076c4214b816c7aa78a0a2f0cb7156742f4303f856bedc3", size = 1158551, upload-time = "2026-08-14T21:04:24.259Z" },
    { url = "https://files.pythonhosted.org/packages/8d/92/22a609c68c5123ebdccd8fe1a80e423609012ce20166de19a2ed3955b2f7/chardet-7.6.0-cp315-cp315t-macosx_10_15_x86_64.whl", hash = "sha256:61238d5945b36af9a2ad13494f8969b7deb3c3b4abe223e54670c064e73f5328", size = 1119186, upload-time = "2026-08-14T21:04:25.761Z" },
    { url = "https://files.pythonhosted.org/packages/29/35/75a90143e4200e197f4f6cf5895d379e22bc785d0c7711120df18fa5347c/chardet-7.6.0-cp315-cp315t-macosx_11_0_arm64.whl", hash = "sha256:f2ec3c78cc6b54bf8e091ec4ee885473078b5d7ef18ab1b01c86ae1e98bf88f7", size = 1092596, upload-time = "2026-08-14T21:04:27.884Z" },
    { url = "https://files.pythonhosted.org/packages/d1/2c/b6d5f47d878c46e04ae6fcb58e0969467925bc0819b333c682e0c41bbc5c/chardet-7.6.0-cp315-cp315t-manylinux2014_aarch64.manylinux_2_17_aarch64.manylinux_2_28_aarch64.whl", hash = "sha256:167d7ba3ee08b654e36d7b43ebd9a36606c9a12e2fabdb361757a095ca3b7e3d", size = 1516644, upload-time = "2026-08-14T21:04:29.624Z" },
    { url = "https://files.pythonhosted.org/packages/25/d2/2bc3f1066c6f27bc3fa3a98dfd8a2a9c1e969a9d6bdc1edcd35278791fc4/chardet-7.6.0-cp315-cp315t-manylinux2014_x86_64.manylinux_2_17_x86_64.manylinux_2_28_x86_64.whl", hash = "sha256:f14f46ef1977e41ce1f4814ca6984cea7f8b6baf8cbc6626ef7bf3d13cf7ea13", size = 1533221, upload-time = "2026-08-14T21:04:31.39Z" },
    { url = "https://files.pythonhosted.org/packages/cf/6e/5a0b348fa4cd7847567a28c6e697ccf58391960bfd13a6e7473ee23ca2f2/chardet-7.6.0-py3-none-any.whl", hash = "sha256:4076d795897ce45239825956a1334e134322ecc4bfe84dbb12acd5390de0fbc1", size = 680279, upload-time = "2026-08-14T20:36:57.763Z" },
]

[[package]]
name = "colorama"
version = "0.4.6"
source = { registry = "https://pypi.org/simple" }
sdist = { url = "https://files.pythonhosted.org/packages/d8/53/6f443c9a4a8358a93a6792e2acffb9d9d5cb0a5cfd8802644b7b1c9a02e4/colorama-0.4.6.tar.gz", hash = "sha256:08695f5cb7ed6e0531a20572697297273c47b8cae5a63ffc6d6ed5c201be6e44", size = 27697, upload-time = "2022-10-25T02:36:22.414Z" }
wheels = [
    { url = "https://files.pythonhosted.org/packages/d1/d6/3965ed04c63042e047cb6a3e6ed1a63a35087b6a609aa3a15ed8ac56c221/colorama-0.4.6-py2.py3-none-any.whl", hash = "sha256:4f1d9991f5acc0ca119f9d443620b77f9d6b33703e51011c16baf57afb285fc6", size = 25335, upload-time = "2022-10-25T02:36:20.889Z" },
]

[[package]]
name = "libpcap"
version = "1.11.0b29"
source = { registry = "https://pypi.org/simple" }
dependencies = [
    { name = "pkg-about" },
    { name = "py-utlx" },
    { name = "typing-extensions" },
]
sdist = { url = "https://files.pythonhosted.org/packages/e1/9c/3387643fdb57e60c3b1463765e3047356912f0613160fc39819b6a1e9b24/libpcap-1.11.0b29.tar.gz", hash = "sha256:65b43e9f4297c098df49f7cd4eab4aa0c58f83759daeb9a3f5f6da2f88f4ef08", size = 6429550, upload-time = "2026-02-16T08:40:28.819Z" }
wheels = [
    { url = "https://files.pythonhosted.org/packages/0b/ba/47d6651309e61ea6e24d1b180d235ad4edcde4a1e965c5a2271d95ce080c/libpcap-1.11.0b29-py3-none-any.whl", hash = "sha256:3be5f1d38df73ea585432c5b3f38141f8b2cccf85199b42bcbf62019b79f2b74", size = 6326198, upload-time = "2026-02-16T08:40:19.89Z" },
]

[[package]]
name = "packaging"
version = "26.3"
source = { registry = "https://pypi.org/simple" }
sdist = { url = "https://files.pythonhosted.org/packages/7d/fa/3944b40b07da9ce895c0e6303a5ab7d53da063554f534556b134a54d6093/packaging-26.3.tar.gz", hash = "sha256:94edc256424af38762eb31306eed28beb9f0efc50a8837492c9d6fd6004aed79", size = 313412, upload-time = "2026-08-04T18:15:28.737Z" }
wheels = [
    { url = "https://files.pythonhosted.org/packages/63/34/ba1c580383c9eada3711951fef0795c80b829a078d72188184bcab9dd527/packaging-26.3-py3-none-any.whl", hash = "sha256:d7193f7c8e4e93f444fde0262bf90af30e16fa0ad0ad44cb553c87339b23cd1c", size = 129956, upload-time = "2026-08-04T18:15:27.159Z" },
]

[[package]]
name = "pkg-about"
version = "2.5.0"
source = { registry = "https://pypi.org/simple" }
dependencies = [
    { name = "build" },
    { name = "packaging" },
    { name = "typing-extensions" },
]
sdist = { url = "https://files.pythonhosted.org/packages/24/8b/48fc68c1149a5e8f4142965049f2355e89004f61e3b626f5b908416e6438/pkg_about-2.5.0.tar.gz", hash = "sha256:913de6c127bc26e5cde49dd9635eb2dff84c91997b96a89dc78fc6b6ebdab813", size = 16115, upload-time = "2026-10-06T18:51:35.194Z" }
wheels = [
    { url = "https://files.pythonhosted.org/packages/e5/7a/d8574e1d37da473f1b91d32a39cd134be7e524e981b04b802b4340dc3827/pkg_about-2.5.0-py3-none-any.whl", hash = "sha256:8a69c9cead7dc3105cbf88cb5406aeff39fae957ca8d79cf548026b0b2c19052", size = 6129, upload-time = "2026-10-06T18:51:34.05Z" },
]

[[package]]
name = "py-utlx"
version = "2.5.3"
source = { registry = "https://pypi.org/simple" }
dependencies = [
    { name = "chardet" },
    { name = "pkg-about" },
    { name = "typing-extensions" },
]
sdist = { url = "https://files.pythonhosted.org/packages/03/09/de8b6b3754d274945c83bc8232ddb59e331c0b0eb9ffa6797bdf6398d472/py_utlx-2.5.3.tar.gz", hash = "sha256:306da632e269f391097bff22078733afbf348f983cbc549c9f078cf2764123c5", size = 57768, upload-time = "2026-10-07T20:38:02.381Z" }
wheels = [
    { url = "https://files.pythonhosted.org/packages/55/a9/17b1aa9642a1996ed0648620c769b23c8010872fe4c1336b975a916ac380/py_utlx-2.5.3-py3-none-any.whl", hash = "sha256:a6cafdddf9c783921c9e555c86178b7937ef230faf60d91bc5b2b1296083f1ac", size = 44292, upload-time = "2026-10-07T20:38:01.149Z" },
]

[[package]]
name = "pyproject-hooks"
version = "1.3.3"
source = { registry = "https://pypi.org/simple" }
sdist = { url = "https://files.pythonhosted.org/packages/6d/5d/f2ddeef4a855a102aaae5e97826a0260007522ab504421b75addfdb1517c/pyproject_hooks-1.3.3.tar.gz", hash = "sha256:defda19b854fa0d3bd4f76ea4ddcba8abd7dcfcdd585a6690ade050744fc5f43", size = 21013, upload-time = "2026-09-16T08:58:03.999Z" }
wheels = [
    { url = "https://files.pythonhosted.org/packages/85/11/044d1ae1b4ec0d7af88ee5bc91e081be1022533032b906a7bdabdbb60977/pyproject_hooks-1.3.3-py3-none-any.whl", hash = "sha256:5fc53fdac9f7bd63fbcdc868fb5f90b4784d78a53a3d3388cd738b807441a20b", size = 10724, upload-time = "2026-09-16T08:58:02.96Z" },
]

[[package]]
name = "pyside6"
version = "6.12.0"
source = { registry = "https://pypi.org/simple" }
dependencies = [
    { name = "pyside6-addons" },
    { name = "pyside6-essentials" },
    { name = "pyside6-pdf" },
    { name = "pyside6-webengine" },
]
wheels = [
    { url = "https://files.pythonhosted.org/packages/fa/db/0722bbb81c3515dd0847fd66a7fb4760b13ad59c89e40b27b362ab5624e2/pyside6-6.12.0-cp310-abi3-macosx_14_0_universal2.whl", hash = "sha256:efea4c2f2aa54403c45de825865a902a1960a1cc9d5aaa92d4ebb8f4c4cd0708", size = 577475, upload-time = "2026-10-08T09:11:15.222Z" },
    { url = "https://files.pythonhosted.org/packages/2f/53/db0cabed1e70d0bc4666b8cbc2611b72bff2f9d2c4813820182621a8c6ee/pyside6-6.12.0-cp310-abi3-manylinux_2_34_x86_64.whl", hash = "sha256:d13ed4d0053cc20f3e4e0fdbf12790a9b7f958d7e22c0843411ecfa8c799e2a9", size = 577709, upload-time = "2026-10-08T09:11:17.345Z" },
    { url = "https://files.pythonhosted.org/packages/4d/8c/dfd4f339285d2e6c31067789b9b7dd2cee26c098ecc78ac7200fb04aa344/pyside6-6.12.0-cp310-abi3-manylinux_2_39_aarch64.whl", hash = "sha256:8920e163f60493e18822d20f1e01c7c4bcf9c1c5cfbc68284788896f692594f8", size = 577708, upload-time = "2026-10-08T09:11:18.705Z" },
    { url = "https://files.pythonhosted.org/packages/a1/da/8e8514fc29ea916c3cd71a524480b77409e19ed12d709e8a5d73be089b81/pyside6-6.12.0-cp310-abi3-win_amd64.whl", hash = "sha256:31a8d2893f2f28ab483b1534dde0438f27af6e234593de30425cb4729052d8f8", size = 578958, upload-time = "2026-10-08T09:11:20.179Z" },
    { url = "https://files.pythonhosted.org/packages/5f/2e/3ebafaf7f4ccea6f6ea9d017f7fc7d9484b79e6b31d1cb92f5f5262055f0/pyside6-6.12.0-cp310-abi3-win_arm64.whl", hash = "sha256:22e2ec6407f32b61955a28f91ab55676e60017210285c28f0c381bfeed389414", size = 562743, upload-time = "2026-10-08T09:11:21.552Z" },
]

[[package]]
name = "pyside6-addons"
version = "6.12.0"
source = { registry = "https://pypi.org/simple" }
dependencies = [
    { name = "pyside6-essentials" },
]
wheels = [
    { url = "https://files.pythonhosted.org/packages/c3/16/c401d6455dbf49df37a8b142883e12d446abf51919c3e0ef5d9570e29160/pyside6_addons-6.12.0-cp310-abi3-macosx_14_0_universal2.whl", hash = "sha256:1d9bcd294ce1c9829194c7d13b01f771a2254b86cb3462cc3399321d2797fdac", size = 90545550, upload-time = "2026-10-08T09:08:14.778Z" },
    { url = "https://files.pythonhosted.org/packages/ff/3e/0d6c5934de575286ac0699a701d4155048185035b8da0ee78d57a38bc7ef/pyside6_addons-6.12.0-cp310-abi3-manylinux_2_34_x86_64.whl", hash = "sha256:4ab38c0017f0453671a9313d3a53ca1c0e378924f54b07e596bcea94a9642391", size = 59192702, upload-time = "2026-10-08T09:08:21.13Z" },
    { url = "https://files.pythonhosted.org/packages/94/14/b6c5683614601448c3ea8f19613ca378db75158ba594b662a8a8041e3e5f/pyside6_addons-6.12.0-cp310-abi3-manylinux_2_39_aarch64.whl", hash = "sha256:48cd0b639c06c9f79685f340ccae4319614b66d6efcdf06c2ce3836790d8c46e", size = 63646547, upload-time = "2026-10-08T09:08:26.921Z" },
    { url = "https://files.pythonhosted.org/packages/02/41/ba3d52fe2acd942ebf71eb02b3bdf0897f7f6f4ce8f52289cb50228e48d3/pyside6_addons-6.12.0-cp310-abi3-win_amd64.whl", hash = "sha256:98d8d62010da6605344cee83e5c96fb846170a1f2d924523f10f5d92078b02b0", size = 40522402, upload-time = "2026-10-08T09:08:31.678Z" },
    { url = "https://files.pythonhosted.org/packages/ea/73/860ab764368cd59b1a09cb891a9a4519425395ad1f6c47d83fde908fe603/pyside6_addons-6.12.0-cp310-abi3-win_arm64.whl", hash = "sha256:3c079cbaad2ad28bc5bfa92fd6bac4ba28d622b825825e3b4220f0682599b2db", size = 35940682, upload-time = "2026-10-08T09:08:35.424Z" },
]

[[package]]
name = "pyside6-essentials"
version = "6.12.0"
source = { registry = "https://pypi.org/simple" }
dependencies = [
    { name = "shiboken6" },
]
wheels = [
    { url = "https://files.pythonhosted.org/packages/e1/90/d528f8dd3f9f20712bc719e10c698d27c998e1dd76ed3f33b6fb606d0972/pyside6_essentials-6.12.0-cp310-abi3-macosx_14_0_universal2.whl", hash = "sha256:0867b709a724db28b161227c7d6ecb5ed10cc09226a53542417ac6dee1308239", size = 116002775, upload-time = "2026-10-08T09:09:54.453Z" },
    { url = "https://files.pythonhosted.org/packages/7b/3c/7597d8dcb36aa8315427635ec6ec9d850ffbad4ce78b9118ac854889f2d3/pyside6_essentials-6.12.0-cp310-abi3-manylinux_2_34_x86_64.whl", hash = "sha256:16f4b5e41daf49235ae048458243da9efe5f3d8040f9cc5aa454ce69893d3bd9", size = 84346433, upload-time = "2026-10-08T09:10:02.825Z" },
    { url = "https://files.pythonhosted.org/packages/5e/4e/f4fd4c016719be832ec49d3c87940459e87fd666179a0a199a3998d07916/pyside6_essentials-6.12.0-cp310-abi3-manylinux_2_39_aarch64.whl", hash = "sha256:08c5841063fc1df69b7fa1ee405f539e66576a83fc48004be3e2c5e35ccbfa69", size = 83810102, upload-time = "2026-10-08T09:10:09.13Z" },
    { url = "https://files.pythonhosted.org/packages/03/61/9a7e32a37b224f68506785bfb0f288d516098ec71681782d72b695a6c95d/pyside6_essentials-6.12.0-cp310-abi3-win_amd64.whl", hash = "sha256:c9a95102aa23c1f86516a30d5a9be37552d324eee7e567eb7508973f1218cb42", size = 82153795, upload-time = "2026-10-08T09:10:15.104Z" },
    { url = "https://files.pythonhosted.org/packages/92/11/43afb3d0e7c25dd09f0eb7e44f1283dadb5fa8d8b517249fe3fde02e6702/pyside6_essentials-6.12.0-cp310-abi3-win_arm64.whl", hash = "sha256:c76aa689989bf9bb9b45535e0a81c6733294df720b0eed1308fa30d2606b98cc", size = 62073456, upload-time = "2026-10-08T09:10:20.202Z" },
]

[[package]]
name = "pyside6-pdf"
version = "6.12.0.140"
source = { registry = "https://pypi.org/simple" }
dependencies = [
    { name = "pyside6-essentials" },
]
wheels = [
    { url = "https://files.pythonhosted.org/packages/58/33/23949c3b48af4b96b618e0502b7313ac52a782615db8dceae5bc2c516831/pyside6_pdf-6.12.0.140-cp310-abi3-macosx_14_0_universal2.whl", hash = "sha256:74287989dd24a82ac1604e27a2d4530a0ab71ff03cdf878c16fdbcf5144373fb", size = 8644803, upload-time = "2026-10-08T09:07:36.716Z" },
    { url = "https://files.pythonhosted.org/packages/b4/f0/9b4f3cb0506641ea53210c7b635703f1c2c1e81c27074438105ff118f8e7/pyside6_pdf-6.12.0.140-cp310-abi3-manylinux_2_34_x86_64.whl", hash = "sha256:0c94370b6b9d65fbfe54f9d6d25df0677db0cdcfd0a842a63958a3603a42007c", size = 2843877, upload-time = "2026-10-08T09:07:39.208Z" },
    { url = "https://files.pythonhosted.org/packages/39/cb/4a8cf3edb3f1b2396935573c02255be75f5605dcc77e9e3a201a6d6f26d7/pyside6_pdf-6.12.0.140-cp310-abi3-manylinux_2_39_aarch64.whl", hash = "sha256:2b63ee1f8ce3d3b2b648be2ebda483dd0fbca8d44c92a6c6f924033ac7fbde8c", size = 2837165, upload-time = "2026-10-08T09:07:40.756Z" },
    { url = "https://files.pythonhosted.org/packages/0e/8a/3f5eab9eb9e6486f0334b100322bbd0aff432dd90ad7977a3910979a163f/pyside6_pdf-6.12.0.140-cp310-abi3-win_amd64.whl", hash = "sha256:4971ba1a0ca15e7c29cfd808e9600aeb46b2305dad01456eb09fa3197166268e", size = 2983516, upload-time = "2026-10-08T09:07:42.312Z" },
    { url = "https://files.pythonhosted.org/packages/b2/87/5c29bdaf47bf0b0cee7f467e86ffeb07be5bf8aa2afd2ff6f0785d0515b4/pyside6_pdf-6.12.0.140-cp310-abi3-win_arm64.whl", hash = "sha256:ce6e4d858df1eb4e2adcbd8ba212f3611ce60f9978881fe10d417f36013a6ff9", size = 2758117, upload-time = "2026-10-08T09:07:43.936Z" },
]

[[package]]
name = "pyside6-webengine"
version = "6.12.0.140"
source = { registry = "https://pypi.org/simple" }
dependencies = [
    { name = "pyside6-addons" },
]
wheels = [
    { url = "https://files.pythonhosted.org/packages/08/37/3b50067bdcba5c22e20a8d7a029c919850c6d94f8398175b330c3b8765ad/pyside6_webengine-6.12.0.140-cp310-abi3-macosx_14_0_universal2.whl", hash = "sha256:9a1de2da360d1817c08e9400a2a2fc5234beb3022a22123e15355169e183074e", size = 249778242, upload-time = "2026-10-08T09:06:03.602Z" },
    { url = "https://files.pythonhosted.org/packages/ce/e0/cb8b68b962afc253709ed61555d0a4f297fd6786c0e77921d2e951504210/pyside6_webengine-6.12.0.140-cp310-abi3-manylinux_2_34_x86_64.whl", hash = "sha256:c041c9921d7c91c9e51a2c027f434d05c3c59baa2c8f17b71dc8194e77791f06", size = 116741921, upload-time = "2026-10-08T09:06:13.408Z" },
    { url = "https://files.pythonhosted.org/packages/1b/34/75944ed126293868fcbcc589fa2254e3310016920e5d32d21c29be021524/pyside6_webengine-6.12.0.140-cp310-abi3-manylinux_2_39_aarch64.whl", hash = "sha256:66a842ccb7f06fa7e357f6d4d63bc2739e3cbc1f93583f314e38c43024fe5f74", size = 114053128, upload-time = "2026-10-08T09:06:21.275Z" },
    { url = "https://files.pythonhosted.org/packages/21/0d/260c7c286f2d4e8a49c099152a385414a872f022117f937824ca0a3f38e5/pyside6_webengine-6.12.0.140-cp310-abi3-win_amd64.whl", hash = "sha256:f9b61b1d457a591ee590a6b80515f25a3e61e2576a2a0a70566380f9d9de4ab0", size = 131697708, upload-time = "2026-10-08T09:06:29.606Z" },
    { url = "https://files.pythonhosted.org/packages/76/34/7a2d1d7b95c96adf173c77d1862c2587789f7afb8754430fcfc2c9e4e47a/pyside6_webengine-6.12.0.140-cp310-abi3-win_arm64.whl", hash = "sha256:44d1fac2a057a71b8f947fc5177a95fab8a0ea4e2fda068f223a00fd0193a8c7", size = 65723, upload-time = "2026-10-08T09:06:32.559Z" },
]

[[package]]
name = "shiboken6"
version = "6.12.0"
source = { registry = "https://pypi.org/simple" }
wheels = [
    { url = "https://files.pythonhosted.org/packages/b5/45/11536fba5f50a57671eb14441c6098096f3e57074e54c9d7d66039a5831e/shiboken6-6.12.0-cp310-abi3-macosx_14_0_universal2.whl", hash = "sha256:47105e05baf57d35453e07d240bbe59cb4b8d9565377ea5134ff9fb37d4f5c02", size = 479653, upload-time = "2026-10-08T09:10:41.506Z" },
    { url = "https://files.pythonhosted.org/packages/49/c2/a04fa003b4360e99d8e3fc2829abacf37396ace63ea1cd616402209ec7c6/shiboken6-6.12.0-cp310-abi3-manylinux_2_34_x86_64.whl", hash = "sha256:3bde565bb0890044b5c7f63808adddede5abc241e9395a2bfed61919884d6240", size = 279268, upload-time = "2026-10-08T09:10:42.982Z" },
    { url = "https://files.pythonhosted.org/packages/97/ca/a4415e6218e0dff764fe2b2d30db2fc8f499a08ace07634232ade3f73adc/shiboken6-6.12.0-cp310-abi3-manylinux_2_39_aarch64.whl", hash = "sha256:ff72a72b3277b418902d562b987b33a6f6818bed9fe40a49d634d09bc67f620e", size = 276562, upload-time = "2026-10-08T09:10:44.25Z" },
    { url = "https://files.pythonhosted.org/packages/2a/b6/bee97e7a2edeab72aafabb46ee5adc939790a638d107860b4cad7a20e407/shiboken6-6.12.0-cp310-abi3-win_amd64.whl", hash = "sha256:a1906cb8116869178c64b6bab52623bbc8b4ceed7b30bfc3c9aa0f6e67f6438e", size = 1265476, upload-time = "2026-10-08T09:10:45.627Z" },
    { url = "https://files.pythonhosted.org/packages/8c/d5/5894d35f8a470ca8acff0d1cd8f15b1c94cbfdfe0ce4a6ec0fcf10b95bd1/shiboken6-6.12.0-cp310-abi3-win_arm64.whl", hash = "sha256:da382e68f0815b31b6dc2bce11a465b148c4f42c37b91546a361de1576567d10", size = 1838851, upload-time = "2026-10-08T09:10:47.123Z" },
]

[[package]]
name = "typing-extensions"
version = "4.16.0"
source = { registry = "https://pypi.org/simple" }
sdist = { url = "https://files.pythonhosted.org/packages/f6/cc/6253133b5bb138fc3306cebfbda2c520f545d36b5be2c7255cc528bb45d6/typing_extensions-4.16.0.tar.gz", hash = "sha256:dc983d19a509c94dba722ee6abd33940f7c05a89e243c47e907eb4db6f1a43e5", size = 113555, upload-time = "2026-07-02T08:40:05.92Z" }
wheels = [
    { url = "https://files.pythonhosted.org/packages/49/d3/b8441a820a491ddfc024b0b0cf0393375b75ea13866d9c66727e54c2fc80/typing_extensions-4.16.0-py3-none-any.whl", hash = "sha256:481caa481374e813c1b176ada14e97f1f67a4539ce9cfeb3f350d78d6370c2e8", size = 45571, upload-time = "2026-07-02T08:40:04.659Z" },
]
